
Microsoft Visual Studio Solution File, Format Version 12.00
# Visual Studio Version 16
VisualStudioVersion = 16.0.31205.134
MinimumVisualStudioVersion = 10.0.40219.1
Project("{F184B08F-C81C-45F6-A57F-5ABD9991F28F}") = "Archan", "Archan.vbproj", "{55B636AE-13E5-480A-BD5B-6D5C7425A999}"
EndProject
Global
	GlobalSection(SolutionConfigurationPlatforms) = preSolution
		Debug|Any CPU = Debug|Any CPU
		Release|Any CPU = Release|Any CPU
	EndGlobalSection
	GlobalSection(ProjectConfigurationPlatforms) = postSolution
		{55B636AE-13E5-480A-BD5B-6D5C7425A999}.Debug|Any CPU.ActiveCfg = Debug|Any CPU
		{55B636AE-13E5-480A-BD5B-6D5C7425A999}.Debug|Any CPU.Build.0 = Debug|Any CPU
		{55B636AE-13E5-480A-BD5B-6D5C7425A999}.Release|Any CPU.ActiveCfg = Release|Any CPU
		{55B636AE-13E5-480A-BD5B-6D5C7425A999}.Release|Any CPU.Build.0 = Release|Any CPU
	EndGlobalSection
	GlobalSection(SolutionProperties) = preSolution
		HideSolutionNode = FALSE
	EndGlobalSection
	GlobalSection(ExtensibilityGlobals) = postSolution
		SolutionGuid = {0396A6D7-48F4-4BAA-9F80-7A5BBAE5D953}
	EndGlobalSection
EndGlobal
