
Microsoft Visual Studio Solution File, Format Version 12.00
# Visual Studio Version 16
VisualStudioVersion = 16.0.31112.23
MinimumVisualStudioVersion = 10.0.40219.1
Project("{F184B08F-C81C-45F6-A57F-5ABD9991F28F}") = "3x3Addition", "3x3Addition.vbproj", "{0C51A0C5-C7DB-42F8-82AC-C9D2404A8A54}"
EndProject
Global
	GlobalSection(SolutionConfigurationPlatforms) = preSolution
		Debug|Any CPU = Debug|Any CPU
		Release|Any CPU = Release|Any CPU
	EndGlobalSection
	GlobalSection(ProjectConfigurationPlatforms) = postSolution
		{0C51A0C5-C7DB-42F8-82AC-C9D2404A8A54}.Debug|Any CPU.ActiveCfg = Debug|Any CPU
		{0C51A0C5-C7DB-42F8-82AC-C9D2404A8A54}.Debug|Any CPU.Build.0 = Debug|Any CPU
		{0C51A0C5-C7DB-42F8-82AC-C9D2404A8A54}.Release|Any CPU.ActiveCfg = Release|Any CPU
		{0C51A0C5-C7DB-42F8-82AC-C9D2404A8A54}.Release|Any CPU.Build.0 = Release|Any CPU
	EndGlobalSection
	GlobalSection(SolutionProperties) = preSolution
		HideSolutionNode = FALSE
	EndGlobalSection
	GlobalSection(ExtensibilityGlobals) = postSolution
		SolutionGuid = {036298D2-13B1-4D35-AB77-6B1C8771C2B2}
	EndGlobalSection
EndGlobal
