
Microsoft Visual Studio Solution File, Format Version 12.00
# Visual Studio Version 16
VisualStudioVersion = 16.0.30804.86
MinimumVisualStudioVersion = 10.0.40219.1
Project("{F184B08F-C81C-45F6-A57F-5ABD9991F28F}") = "demo2", "demo2.vbproj", "{FB48F6F4-BEB8-4ED8-85E3-610DDB4E6BA0}"
EndProject
Global
	GlobalSection(SolutionConfigurationPlatforms) = preSolution
		Debug|Any CPU = Debug|Any CPU
		Release|Any CPU = Release|Any CPU
	EndGlobalSection
	GlobalSection(ProjectConfigurationPlatforms) = postSolution
		{FB48F6F4-BEB8-4ED8-85E3-610DDB4E6BA0}.Debug|Any CPU.ActiveCfg = Debug|Any CPU
		{FB48F6F4-BEB8-4ED8-85E3-610DDB4E6BA0}.Debug|Any CPU.Build.0 = Debug|Any CPU
		{FB48F6F4-BEB8-4ED8-85E3-610DDB4E6BA0}.Release|Any CPU.ActiveCfg = Release|Any CPU
		{FB48F6F4-BEB8-4ED8-85E3-610DDB4E6BA0}.Release|Any CPU.Build.0 = Release|Any CPU
	EndGlobalSection
	GlobalSection(SolutionProperties) = preSolution
		HideSolutionNode = FALSE
	EndGlobalSection
	GlobalSection(ExtensibilityGlobals) = postSolution
		SolutionGuid = {D5C5FE13-12C3-4A12-9E79-BB5105C46730}
	EndGlobalSection
EndGlobal
